
Microsoft Visual Studio Solution File, Format Version 12.00
# Visual Studio 15
VisualStudioVersion = 15.0.26403.7
MinimumVisualStudioVersion = 10.0.40219.1
Project("{9A19103F-16F7-4668-BE54-9A1E7A4F7556}") = "API", "API\API.csproj", "{5694183E-C9E1-4B84-B663-C3CD90A1D828}"
EndProject
Global
	GlobalSection(SolutionConfigurationPlatforms) = preSolution
		Debug|Any CPU = Debug|Any CPU
		Release|Any CPU = Release|Any CPU
	EndGlobalSection
	GlobalSection(ProjectConfigurationPlatforms) = postSolution
		{5694183E-C9E1-4B84-B663-C3CD90A1D828}.Debug|Any CPU.ActiveCfg = Debug|Any CPU
		{5694183E-C9E1-4B84-B663-C3CD90A1D828}.Debug|Any CPU.Build.0 = Debug|Any CPU
		{5694183E-C9E1-4B84-B663-C3CD90A1D828}.Release|Any CPU.ActiveCfg = Release|Any CPU
		{5694183E-C9E1-4B84-B663-C3CD90A1D828}.Release|Any CPU.Build.0 = Release|Any CPU
	EndGlobalSection
	GlobalSection(SolutionProperties) = preSolution
		HideSolutionNode = FALSE
	EndGlobalSection
EndGlobal
